
Microsoft Visual Studio Solution File, Format Version 12.00
# Visual Studio Version 16
VisualStudioVersion = 16.0.30804.86
MinimumVisualStudioVersion = 10.0.40219.1
Project("{F184B08F-C81C-45F6-A57F-5ABD9991F28F}") = "Git_Teste", "Git_Teste\Git_Teste.vbproj", "{CF76DF16-EABA-4807-A5A7-96DBCABF858A}"
EndProject
Global
	GlobalSection(SolutionConfigurationPlatforms) = preSolution
		Debug|Any CPU = Debug|Any CPU
		Release|Any CPU = Release|Any CPU
	EndGlobalSection
	GlobalSection(ProjectConfigurationPlatforms) = postSolution
		{CF76DF16-EABA-4807-A5A7-96DBCABF858A}.Debug|Any CPU.ActiveCfg = Debug|Any CPU
		{CF76DF16-EABA-4807-A5A7-96DBCABF858A}.Debug|Any CPU.Build.0 = Debug|Any CPU
		{CF76DF16-EABA-4807-A5A7-96DBCABF858A}.Release|Any CPU.ActiveCfg = Release|Any CPU
		{CF76DF16-EABA-4807-A5A7-96DBCABF858A}.Release|Any CPU.Build.0 = Release|Any CPU
	EndGlobalSection
	GlobalSection(SolutionProperties) = preSolution
		HideSolutionNode = FALSE
	EndGlobalSection
	GlobalSection(ExtensibilityGlobals) = postSolution
		SolutionGuid = {D5CF28D2-8852-46A7-8624-56F4A2A04D1B}
	EndGlobalSection
EndGlobal
